
Microsoft Visual Studio Solution File, Format Version 12.00
# Visual Studio Version 17
VisualStudioVersion = 17.0.31903.59
MinimumVisualStudioVersion = 10.0.40219.1
Project("{F2A71F9B-5D33-465A-A702-920D77279786}") = "NL", "NL\NL.fsproj", "{184C8E45-CD37-47A4-B843-86DDEDE3D557}"
EndProject
Project("{F2A71F9B-5D33-465A-A702-920D77279786}") = "Nli", "Nli\Nli.fsproj", "{3B2EFE38-3FDD-434F-829D-835A6E494728}"
EndProject
Project("{FAE04EC0-301F-11D3-BF4B-00C04F79EFBC}") = "Test.Helpers", "Test.Helpers\Test.Helpers.csproj", "{7AAF2FAE-D6D5-4840-BE98-1D468B4935EB}"
EndProject
Project("{FAE04EC0-301F-11D3-BF4B-00C04F79EFBC}") = "Test.AssemblyResolveTarget", "Test.AssemblyResolveTarget\Test.AssemblyResolveTarget.csproj", "{0D60211A-D800-4F6E-B5EB-1D6CA456C921}"
EndProject
Project("{F2A71F9B-5D33-465A-A702-920D77279786}") = "Test.NL", "Test.NL\Test.NL.fsproj", "{8B86BD23-CA08-47C3-853C-1EDF64240070}"
EndProject
Project("{F2A71F9B-5D33-465A-A702-920D77279786}") = "Nlc", "Nlc\Nlc.fsproj", "{BF2E9F79-B185-46F7-A93C-4D9EDBFFB160}"
EndProject
Global
	GlobalSection(SolutionConfigurationPlatforms) = preSolution
		Debug|Any CPU = Debug|Any CPU
		Release|Any CPU = Release|Any CPU
	EndGlobalSection
	GlobalSection(SolutionProperties) = preSolution
		HideSolutionNode = FALSE
	EndGlobalSection
	GlobalSection(ProjectConfigurationPlatforms) = postSolution
		{184C8E45-CD37-47A4-B843-86DDEDE3D557}.Debug|Any CPU.ActiveCfg = Debug|Any CPU
		{184C8E45-CD37-47A4-B843-86DDEDE3D557}.Debug|Any CPU.Build.0 = Debug|Any CPU
		{184C8E45-CD37-47A4-B843-86DDEDE3D557}.Release|Any CPU.ActiveCfg = Release|Any CPU
		{184C8E45-CD37-47A4-B843-86DDEDE3D557}.Release|Any CPU.Build.0 = Release|Any CPU
		{3B2EFE38-3FDD-434F-829D-835A6E494728}.Debug|Any CPU.ActiveCfg = Debug|Any CPU
		{3B2EFE38-3FDD-434F-829D-835A6E494728}.Debug|Any CPU.Build.0 = Debug|Any CPU
		{3B2EFE38-3FDD-434F-829D-835A6E494728}.Release|Any CPU.ActiveCfg = Release|Any CPU
		{3B2EFE38-3FDD-434F-829D-835A6E494728}.Release|Any CPU.Build.0 = Release|Any CPU
		{7AAF2FAE-D6D5-4840-BE98-1D468B4935EB}.Debug|Any CPU.ActiveCfg = Debug|Any CPU
		{7AAF2FAE-D6D5-4840-BE98-1D468B4935EB}.Debug|Any CPU.Build.0 = Debug|Any CPU
		{7AAF2FAE-D6D5-4840-BE98-1D468B4935EB}.Release|Any CPU.ActiveCfg = Release|Any CPU
		{7AAF2FAE-D6D5-4840-BE98-1D468B4935EB}.Release|Any CPU.Build.0 = Release|Any CPU
		{0D60211A-D800-4F6E-B5EB-1D6CA456C921}.Debug|Any CPU.ActiveCfg = Debug|Any CPU
		{0D60211A-D800-4F6E-B5EB-1D6CA456C921}.Debug|Any CPU.Build.0 = Debug|Any CPU
		{0D60211A-D800-4F6E-B5EB-1D6CA456C921}.Release|Any CPU.ActiveCfg = Release|Any CPU
		{0D60211A-D800-4F6E-B5EB-1D6CA456C921}.Release|Any CPU.Build.0 = Release|Any CPU
		{8B86BD23-CA08-47C3-853C-1EDF64240070}.Debug|Any CPU.ActiveCfg = Debug|Any CPU
		{8B86BD23-CA08-47C3-853C-1EDF64240070}.Debug|Any CPU.Build.0 = Debug|Any CPU
		{8B86BD23-CA08-47C3-853C-1EDF64240070}.Release|Any CPU.ActiveCfg = Release|Any CPU
		{8B86BD23-CA08-47C3-853C-1EDF64240070}.Release|Any CPU.Build.0 = Release|Any CPU
		{BF2E9F79-B185-46F7-A93C-4D9EDBFFB160}.Debug|Any CPU.ActiveCfg = Debug|Any CPU
		{BF2E9F79-B185-46F7-A93C-4D9EDBFFB160}.Debug|Any CPU.Build.0 = Debug|Any CPU
		{BF2E9F79-B185-46F7-A93C-4D9EDBFFB160}.Release|Any CPU.ActiveCfg = Release|Any CPU
		{BF2E9F79-B185-46F7-A93C-4D9EDBFFB160}.Release|Any CPU.Build.0 = Release|Any CPU
	EndGlobalSection
EndGlobal
